// !$*UTF8*$!
{
	archiveVersion = 1;
	classes = {
	};
	objectVersion = 56;
	objects = {

/* Begin PBXBuildFile section */
		0FFE673B374860F7176F574A /* Pods_moodlog.framework in Frameworks */ = {isa = PBXBuildFile; fileRef = E2EAEDB359DB04F35B882C78 /* Pods_moodlog.framework */; };
		AA0000012FED4D95001B6443 /* MoodModels.swift in Sources */ = {isa = PBXBuildFile; fileRef = AA0000022FED4D95001B6443 /* MoodModels.swift */; };
		AA0000032FED4D95001B6443 /* MoodDataManager.swift in Sources */ = {isa = PBXBuildFile; fileRef = AA0000042FED4D95001B6443 /* MoodDataManager.swift */; };
		AA0000052FED4D95001B6443 /* MoodCheckinViewModel.swift in Sources */ = {isa = PBXBuildFile; fileRef = AA0000062FED4D95001B6443 /* MoodCheckinViewModel.swift */; };
		AA0000072FED4D95001B6443 /* CalendarViewModel.swift in Sources */ = {isa = PBXBuildFile; fileRef = AA0000082FED4D95001B6443 /* CalendarViewModel.swift */; };
		AA0000092FED4D95001B6443 /* InsightViewModel.swift in Sources */ = {isa = PBXBuildFile; fileRef = AA00000A2FED4D95001B6443 /* InsightViewModel.swift */; };
		AA00000B2FED4D95001B6443 /* MoodCheckinView.swift in Sources */ = {isa = PBXBuildFile; fileRef = AA00000C2FED4D95001B6443 /* MoodCheckinView.swift */; };
		AA00000D2FED4D95001B6443 /* MoodCalendarView.swift in Sources */ = {isa = PBXBuildFile; fileRef = AA00000E2FED4D95001B6443 /* MoodCalendarView.swift */; };
		AA00000F2FED4D95001B6443 /* MoodInsightView.swift in Sources */ = {isa = PBXBuildFile; fileRef = AA0000102FED4D95001B6443 /* MoodInsightView.swift */; };
		AA0000112FED4D95001B6443 /* MainTabView.swift in Sources */ = {isa = PBXBuildFile; fileRef = AA0000122FED4D95001B6443 /* MainTabView.swift */; };
		AA0000132FED4D95001B6443 /* LocalizationManager.swift in Sources */ = {isa = PBXBuildFile; fileRef = AA0000142FED4D95001B6443 /* LocalizationManager.swift */; };
		AA0000152FED4D95001B6443 /* EditMoodRecordView.swift in Sources */ = {isa = PBXBuildFile; fileRef = AA0000162FED4D95001B6443 /* EditMoodRecordView.swift */; };
		BB0000022FED4D95001B6443 /* CacheManager.swift in Sources */ = {isa = PBXBuildFile; fileRef = BB0000012FED4D95001B6443 /* CacheManager.swift */; };
		BB0000042FED4D95001B6443 /* MoodRecordRepository.swift in Sources */ = {isa = PBXBuildFile; fileRef = BB0000032FED4D95001B6443 /* MoodRecordRepository.swift */; };
		BB0000062FED4D95001B6443 /* TagRepository.swift in Sources */ = {isa = PBXBuildFile; fileRef = BB0000052FED4D95001B6443 /* TagRepository.swift */; };
		BB0000082FED4D95001B6443 /* StatisticsService.swift in Sources */ = {isa = PBXBuildFile; fileRef = BB0000072FED4D95001B6443 /* StatisticsService.swift */; };
		C22D1E9D2FED4D95001B6443 /* moodlogApp.swift in Sources */ = {isa = PBXBuildFile; fileRef = C22D1E9C2FED4D95001B6443 /* moodlogApp.swift */; };
		C22D1EA12FED4D98001B6443 /* Assets.xcassets in Resources */ = {isa = PBXBuildFile; fileRef = C22D1EA02FED4D98001B6443 /* Assets.xcassets */; };
		C22D1EA42FED4D98001B6443 /* Preview Assets.xcassets in Resources */ = {isa = PBXBuildFile; fileRef = C22D1EA32FED4D98001B6443 /* Preview Assets.xcassets */; };
		C22D1EA62FED4D98001B6443 /* Persistence.swift in Sources */ = {isa = PBXBuildFile; fileRef = C22D1EA52FED4D98001B6443 /* Persistence.swift */; };
		C22D1EA92FED4D98001B6443 /* moodlog.xcdatamodeld in Sources */ = {isa = PBXBuildFile; fileRef = C22D1EA72FED4D98001B6443 /* moodlog.xcdatamodeld */; };
		C22D1EB02FED4E1F001B6443 /* Launch Screen.storyboard in Resources */ = {isa = PBXBuildFile; fileRef = C22D1EAF2FED4E1F001B6443 /* Launch Screen.storyboard */; };
		C2C65F312FEE4B2F006AD954 /* Localizable.strings in Resources */ = {isa = PBXBuildFile; fileRef = C2C65F332FEE4B2F006AD954 /* Localizable.strings */; };
/* End PBXBuildFile section */

/* Begin PBXFileReference section */
		7AACA580329D5A73D8FD9408 /* Pods-moodlog.debug.xcconfig */ = {isa = PBXFileReference; includeInIndex = 1; lastKnownFileType = text.xcconfig; name = "Pods-moodlog.debug.xcconfig"; path = "Target Support Files/Pods-moodlog/Pods-moodlog.debug.xcconfig"; sourceTree = "<group>"; };
		9281EDC77D1F253C2CFC0F4F /* Pods-moodlog.release.xcconfig */ = {isa = PBXFileReference; includeInIndex = 1; lastKnownFileType = text.xcconfig; name = "Pods-moodlog.release.xcconfig"; path = "Target Support Files/Pods-moodlog/Pods-moodlog.release.xcconfig"; sourceTree = "<group>"; };
		AA0000022FED4D95001B6443 /* MoodModels.swift */ = {isa = PBXFileReference; lastKnownFileType = sourcecode.swift; path = MoodModels.swift; sourceTree = "<group>"; };
		AA0000042FED4D95001B6443 /* MoodDataManager.swift */ = {isa = PBXFileReference; lastKnownFileType = sourcecode.swift; path = MoodDataManager.swift; sourceTree = "<group>"; };
		AA0000062FED4D95001B6443 /* MoodCheckinViewModel.swift */ = {isa = PBXFileReference; lastKnownFileType = sourcecode.swift; path = MoodCheckinViewModel.swift; sourceTree = "<group>"; };
		AA0000082FED4D95001B6443 /* CalendarViewModel.swift */ = {isa = PBXFileReference; lastKnownFileType = sourcecode.swift; path = CalendarViewModel.swift; sourceTree = "<group>"; };
		AA00000A2FED4D95001B6443 /* InsightViewModel.swift */ = {isa = PBXFileReference; lastKnownFileType = sourcecode.swift; path = InsightViewModel.swift; sourceTree = "<group>"; };
		AA00000C2FED4D95001B6443 /* MoodCheckinView.swift */ = {isa = PBXFileReference; lastKnownFileType = sourcecode.swift; path = MoodCheckinView.swift; sourceTree = "<group>"; };
		AA00000E2FED4D95001B6443 /* MoodCalendarView.swift */ = {isa = PBXFileReference; lastKnownFileType = sourcecode.swift; path = MoodCalendarView.swift; sourceTree = "<group>"; };
		AA0000102FED4D95001B6443 /* MoodInsightView.swift */ = {isa = PBXFileReference; lastKnownFileType = sourcecode.swift; path = MoodInsightView.swift; sourceTree = "<group>"; };
		AA0000122FED4D95001B6443 /* MainTabView.swift */ = {isa = PBXFileReference; lastKnownFileType = sourcecode.swift; path = MainTabView.swift; sourceTree = "<group>"; };
		AA0000142FED4D95001B6443 /* LocalizationManager.swift */ = {isa = PBXFileReference; lastKnownFileType = sourcecode.swift; path = LocalizationManager.swift; sourceTree = "<group>"; };
		AA0000162FED4D95001B6443 /* EditMoodRecordView.swift */ = {isa = PBXFileReference; lastKnownFileType = sourcecode.swift; path = EditMoodRecordView.swift; sourceTree = "<group>"; };
		BB0000012FED4D95001B6443 /* CacheManager.swift */ = {isa = PBXFileReference; lastKnownFileType = sourcecode.swift; path = CacheManager.swift; sourceTree = "<group>"; };
		BB0000032FED4D95001B6443 /* MoodRecordRepository.swift */ = {isa = PBXFileReference; lastKnownFileType = sourcecode.swift; path = MoodRecordRepository.swift; sourceTree = "<group>"; };
		BB0000052FED4D95001B6443 /* TagRepository.swift */ = {isa = PBXFileReference; lastKnownFileType = sourcecode.swift; path = TagRepository.swift; sourceTree = "<group>"; };
		BB0000072FED4D95001B6443 /* StatisticsService.swift */ = {isa = PBXFileReference; lastKnownFileType = sourcecode.swift; path = StatisticsService.swift; sourceTree = "<group>"; };
		C22D1E992FED4D95001B6443 /* moodlog.app */ = {isa = PBXFileReference; explicitFileType = wrapper.application; includeInIndex = 0; path = moodlog.app; sourceTree = BUILT_PRODUCTS_DIR; };
		C22D1E9C2FED4D95001B6443 /* moodlogApp.swift */ = {isa = PBXFileReference; lastKnownFileType = sourcecode.swift; path = moodlogApp.swift; sourceTree = "<group>"; };
		C22D1EA02FED4D98001B6443 /* Assets.xcassets */ = {isa = PBXFileReference; lastKnownFileType = folder.assetcatalog; path = Assets.xcassets; sourceTree = "<group>"; };
		C22D1EA32FED4D98001B6443 /* Preview Assets.xcassets */ = {isa = PBXFileReference; lastKnownFileType = folder.assetcatalog; path = "Preview Assets.xcassets"; sourceTree = "<group>"; };
		C22D1EA52FED4D98001B6443 /* Persistence.swift */ = {isa = PBXFileReference; lastKnownFileType = sourcecode.swift; path = Persistence.swift; sourceTree = "<group>"; };
		C22D1EA82FED4D98001B6443 /* moodlog.xcdatamodel */ = {isa = PBXFileReference; lastKnownFileType = wrapper.xcdatamodel; path = moodlog.xcdatamodel; sourceTree = "<group>"; };
		C22D1EAF2FED4E1F001B6443 /* Launch Screen.storyboard */ = {isa = PBXFileReference; lastKnownFileType = file.storyboard; path = "Launch Screen.storyboard"; sourceTree = "<group>"; };
		C2C65F322FEE4B2F006AD954 /* zh-Hans */ = {isa = PBXFileReference; lastKnownFileType = text.plist.strings; name = "zh-Hans"; path = "zh-Hans.lproj/Localizable.strings"; sourceTree = "<group>"; };
		C2C65F342FEE4B31006AD954 /* en */ = {isa = PBXFileReference; lastKnownFileType = text.plist.strings; name = en; path = en.lproj/Localizable.strings; sourceTree = "<group>"; };
		E2EAEDB359DB04F35B882C78 /* Pods_moodlog.framework */ = {isa = PBXFileReference; explicitFileType = wrapper.framework; includeInIndex = 0; path = Pods_moodlog.framework; sourceTree = BUILT_PRODUCTS_DIR; };
/* End PBXFileReference section */

/* Begin PBXFrameworksBuildPhase section */
		C22D1E962FED4D95001B6443 /* Frameworks */ = {
			isa = PBXFrameworksBuildPhase;
			buildActionMask = 2147483647;
			files = (
				0FFE673B374860F7176F574A /* Pods_moodlog.framework in Frameworks */,
			);
			runOnlyForDeploymentPostprocessing = 0;
		};
/* End PBXFrameworksBuildPhase section */

/* Begin PBXGroup section */
		AA1000012FED4D95001B6443 /* Models */ = {
			isa = PBXGroup;
			children = (
				AA0000022FED4D95001B6443 /* MoodModels.swift */,
			);
			path = Models;
			sourceTree = "<group>";
		};
		AA1000022FED4D95001B6443 /* Services */ = {
			isa = PBXGroup;
			children = (
				AA0000042FED4D95001B6443 /* MoodDataManager.swift */,
				AA0000142FED4D95001B6443 /* LocalizationManager.swift */,
				BB0000012FED4D95001B6443 /* CacheManager.swift */,
				BB0000032FED4D95001B6443 /* MoodRecordRepository.swift */,
				BB0000052FED4D95001B6443 /* TagRepository.swift */,
				BB0000072FED4D95001B6443 /* StatisticsService.swift */,
			);
			path = Services;
			sourceTree = "<group>";
		};
		AA1000032FED4D95001B6443 /* ViewModels */ = {
			isa = PBXGroup;
			children = (
				AA0000062FED4D95001B6443 /* MoodCheckinViewModel.swift */,
				AA0000082FED4D95001B6443 /* CalendarViewModel.swift */,
				AA00000A2FED4D95001B6443 /* InsightViewModel.swift */,
			);
			path = ViewModels;
			sourceTree = "<group>";
		};
		AA1000042FED4D95001B6443 /* Checkin */ = {
			isa = PBXGroup;
			children = (
				AA00000C2FED4D95001B6443 /* MoodCheckinView.swift */,
				AA0000162FED4D95001B6443 /* EditMoodRecordView.swift */,
			);
			path = Checkin;
			sourceTree = "<group>";
		};
		AA1000052FED4D95001B6443 /* Calendar */ = {
			isa = PBXGroup;
			children = (
				AA00000E2FED4D95001B6443 /* MoodCalendarView.swift */,
			);
			path = Calendar;
			sourceTree = "<group>";
		};
		AA1000062FED4D95001B6443 /* Insight */ = {
			isa = PBXGroup;
			children = (
				AA0000102FED4D95001B6443 /* MoodInsightView.swift */,
			);
			path = Insight;
			sourceTree = "<group>";
		};
		AA1000072FED4D95001B6443 /* Main */ = {
			isa = PBXGroup;
			children = (
				AA0000122FED4D95001B6443 /* MainTabView.swift */,
			);
			path = Main;
			sourceTree = "<group>";
		};
		AA1000082FED4D95001B6443 /* Views */ = {
			isa = PBXGroup;
			children = (
				AA1000042FED4D95001B6443 /* Checkin */,
				AA1000052FED4D95001B6443 /* Calendar */,
				AA1000062FED4D95001B6443 /* Insight */,
				AA1000072FED4D95001B6443 /* Main */,
			);
			path = Views;
			sourceTree = "<group>";
		};
		C0735DBEFAE05B81AD634523 /* Frameworks */ = {
			isa = PBXGroup;
			children = (
				E2EAEDB359DB04F35B882C78 /* Pods_moodlog.framework */,
			);
			name = Frameworks;
			sourceTree = "<group>";
		};
		C22D1E902FED4D95001B6443 = {
			isa = PBXGroup;
			children = (
				C22D1E9B2FED4D95001B6443 /* moodlog */,
				C22D1E9A2FED4D95001B6443 /* Products */,
				F373E6941977F0D40887A367 /* Pods */,
				C0735DBEFAE05B81AD634523 /* Frameworks */,
			);
			sourceTree = "<group>";
		};
		C22D1E9A2FED4D95001B6443 /* Products */ = {
			isa = PBXGroup;
			children = (
				C22D1E992FED4D95001B6443 /* moodlog.app */,
			);
			name = Products;
			sourceTree = "<group>";
		};
		C22D1E9B2FED4D95001B6443 /* moodlog */ = {
			isa = PBXGroup;
			children = (
				C22D1E9C2FED4D95001B6443 /* moodlogApp.swift */,
				C22D1EA52FED4D98001B6443 /* Persistence.swift */,
				AA1000012FED4D95001B6443 /* Models */,
				AA1000022FED4D95001B6443 /* Services */,
				AA1000032FED4D95001B6443 /* ViewModels */,
				AA1000082FED4D95001B6443 /* Views */,
				C22D1EA02FED4D98001B6443 /* Assets.xcassets */,
				C22D1EA72FED4D98001B6443 /* moodlog.xcdatamodeld */,
				C22D1EA22FED4D98001B6443 /* Preview Content */,
				C22D1EAF2FED4E1F001B6443 /* Launch Screen.storyboard */,
				C2C65F332FEE4B2F006AD954 /* Localizable.strings */,
			);
			path = moodlog;
			sourceTree = "<group>";
		};
		C22D1EA22FED4D98001B6443 /* Preview Content */ = {
			isa = PBXGroup;
			children = (
				C22D1EA32FED4D98001B6443 /* Preview Assets.xcassets */,
			);
			path = "Preview Content";
			sourceTree = "<group>";
		};
		F373E6941977F0D40887A367 /* Pods */ = {
			isa = PBXGroup;
			children = (
				7AACA580329D5A73D8FD9408 /* Pods-moodlog.debug.xcconfig */,
				9281EDC77D1F253C2CFC0F4F /* Pods-moodlog.release.xcconfig */,
			);
			path = Pods;
			sourceTree = "<group>";
		};
/* End PBXGroup section */

/* Begin PBXNativeTarget section */
		C22D1E982FED4D95001B6443 /* moodlog */ = {
			isa = PBXNativeTarget;
			buildConfigurationList = C22D1EAC2FED4D98001B6443 /* Build configuration list for PBXNativeTarget "moodlog" */;
			buildPhases = (
				6E2742ECD1E4F5E5C17E63C4 /* [CP] Check Pods Manifest.lock */,
				C22D1E952FED4D95001B6443 /* Sources */,
				C22D1E962FED4D95001B6443 /* Frameworks */,
				C22D1E972FED4D95001B6443 /* Resources */,
				306A0C957224C255D82DC59F /* [CP] Embed Pods Frameworks */,
			);
			buildRules = (
			);
			dependencies = (
			);
			name = moodlog;
			productName = moodlog;
			productReference = C22D1E992FED4D95001B6443 /* moodlog.app */;
			productType = "com.apple.product-type.application";
		};
/* End PBXNativeTarget section */

/* Begin PBXProject section */
		C22D1E912FED4D95001B6443 /* Project object */ = {
			isa = PBXProject;
			attributes = {
				BuildIndependentTargetsInParallel = 1;
				LastSwiftUpdateCheck = 1520;
				LastUpgradeCheck = 1520;
				TargetAttributes = {
					C22D1E982FED4D95001B6443 = {
						CreatedOnToolsVersion = 15.2;
					};
				};
			};
			buildConfigurationList = C22D1E942FED4D95001B6443 /* Build configuration list for PBXProject "moodlog" */;
			compatibilityVersion = "Xcode 14.0";
			developmentRegion = "zh-Hans";
			hasScannedForEncodings = 0;
			knownRegions = (
				en,
				Base,
				"zh-Hans",
			);
			mainGroup = C22D1E902FED4D95001B6443;
			productRefGroup = C22D1E9A2FED4D95001B6443 /* Products */;
			projectDirPath = "";
			projectRoot = "";
			targets = (
				C22D1E982FED4D95001B6443 /* moodlog */,
			);
		};
/* End PBXProject section */

/* Begin PBXResourcesBuildPhase section */
		C22D1E972FED4D95001B6443 /* Resources */ = {
			isa = PBXResourcesBuildPhase;
			buildActionMask = 2147483647;
			files = (
				C22D1EB02FED4E1F001B6443 /* Launch Screen.storyboard in Resources */,
				C2C65F312FEE4B2F006AD954 /* Localizable.strings in Resources */,
				C22D1EA42FED4D98001B6443 /* Preview Assets.xcassets in Resources */,
				C22D1EA12FED4D98001B6443 /* Assets.xcassets in Resources */,
			);
			runOnlyForDeploymentPostprocessing = 0;
		};
/* End PBXResourcesBuildPhase section */

/* Begin PBXShellScriptBuildPhase section */
		306A0C957224C255D82DC59F /* [CP] Embed Pods Frameworks */ = {
			isa = PBXShellScriptBuildPhase;
			buildActionMask = 2147483647;
			files = (
			);
			inputFileListPaths = (
				"${PODS_ROOT}/Target Support Files/Pods-moodlog/Pods-moodlog-frameworks-${CONFIGURATION}-input-files.xcfilelist",
			);
			inputPaths = (
			);
			name = "[CP] Embed Pods Frameworks";
			outputFileListPaths = (
				"${PODS_ROOT}/Target Support Files/Pods-moodlog/Pods-moodlog-frameworks-${CONFIGURATION}-output-files.xcfilelist",
			);
			outputPaths = (
			);
			runOnlyForDeploymentPostprocessing = 0;
			shellPath = /bin/sh;
			shellScript = "\"${PODS_ROOT}/Target Support Files/Pods-moodlog/Pods-moodlog-frameworks.sh\"\n";
			showEnvVarsInLog = 0;
		};
		6E2742ECD1E4F5E5C17E63C4 /* [CP] Check Pods Manifest.lock */ = {
			isa = PBXShellScriptBuildPhase;
			buildActionMask = 2147483647;
			files = (
			);
			inputFileListPaths = (
			);
			inputPaths = (
				"${PODS_PODFILE_DIR_PATH}/Podfile.lock",
				"${PODS_ROOT}/Manifest.lock",
			);
			name = "[CP] Check Pods Manifest.lock";
			outputFileListPaths = (
			);
			outputPaths = (
				"$(DERIVED_FILE_DIR)/Pods-moodlog-checkManifestLockResult.txt",
			);
			runOnlyForDeploymentPostprocessing = 0;
			shellPath = /bin/sh;
			shellScript = "diff \"${PODS_PODFILE_DIR_PATH}/Podfile.lock\" \"${PODS_ROOT}/Manifest.lock\" > /dev/null\nif [ $? != 0 ] ; then\n    # print error to STDERR\n    echo \"error: The sandbox is not in sync with the Podfile.lock. Run 'pod install' or update your CocoaPods installation.\" >&2\n    exit 1\nfi\n# This output is used by Xcode 'outputs' to avoid re-running this script phase.\necho \"SUCCESS\" > \"${SCRIPT_OUTPUT_FILE_0}\"\n";
			showEnvVarsInLog = 0;
		};
/* End PBXShellScriptBuildPhase section */

/* Begin PBXSourcesBuildPhase section */
		C22D1E952FED4D95001B6443 /* Sources */ = {
			isa = PBXSourcesBuildPhase;
			buildActionMask = 2147483647;
			files = (
				C22D1EA62FED4D98001B6443 /* Persistence.swift in Sources */,
				C22D1EA92FED4D98001B6443 /* moodlog.xcdatamodeld in Sources */,
				C22D1E9D2FED4D95001B6443 /* moodlogApp.swift in Sources */,
				AA0000012FED4D95001B6443 /* MoodModels.swift in Sources */,
				AA0000032FED4D95001B6443 /* MoodDataManager.swift in Sources */,
				AA0000052FED4D95001B6443 /* MoodCheckinViewModel.swift in Sources */,
				AA0000072FED4D95001B6443 /* CalendarViewModel.swift in Sources */,
				AA0000092FED4D95001B6443 /* InsightViewModel.swift in Sources */,
				AA00000B2FED4D95001B6443 /* MoodCheckinView.swift in Sources */,
				AA00000D2FED4D95001B6443 /* MoodCalendarView.swift in Sources */,
				AA00000F2FED4D95001B6443 /* MoodInsightView.swift in Sources */,
				AA0000112FED4D95001B6443 /* MainTabView.swift in Sources */,
				AA0000132FED4D95001B6443 /* LocalizationManager.swift in Sources */,
				AA0000152FED4D95001B6443 /* EditMoodRecordView.swift in Sources */,
				BB0000022FED4D95001B6443 /* CacheManager.swift in Sources */,
				BB0000042FED4D95001B6443 /* MoodRecordRepository.swift in Sources */,
				BB0000062FED4D95001B6443 /* TagRepository.swift in Sources */,
				BB0000082FED4D95001B6443 /* StatisticsService.swift in Sources */,
			);
			runOnlyForDeploymentPostprocessing = 0;
		};
/* End PBXSourcesBuildPhase section */

/* Begin PBXVariantGroup section */
		C2C65F332FEE4B2F006AD954 /* Localizable.strings */ = {
			isa = PBXVariantGroup;
			children = (
				C2C65F322FEE4B2F006AD954 /* zh-Hans */,
				C2C65F342FEE4B31006AD954 /* en */,
			);
			name = Localizable.strings;
			sourceTree = "<group>";
		};
/* End PBXVariantGroup section */

/* Begin XCBuildConfiguration section */
		C22D1EAA2FED4D98001B6443 /* Debug */ = {
			isa = XCBuildConfiguration;
			buildSettings = {
				ALWAYS_SEARCH_USER_PATHS = NO;
				ASSETCATALOG_COMPILER_GENERATE_SWIFT_ASSET_SYMBOL_EXTENSIONS = YES;
				CLANG_ANALYZER_NONNULL = YES;
				CLANG_ANALYZER_NUMBER_OBJECT_CONVERSION = YES_AGGRESSIVE;
				CLANG_CXX_LANGUAGE_STANDARD = "gnu++20";
				CLANG_ENABLE_MODULES = YES;
				CLANG_ENABLE_OBJC_ARC = YES;
				CLANG_ENABLE_OBJC_WEAK = YES;
				CLANG_WARN_BLOCK_CAPTURE_AUTORELEASING = YES;
				CLANG_WARN_BOOL_CONVERSION = YES;
				CLANG_WARN_COMMA = YES;
				CLANG_WARN_CONSTANT_CONVERSION = YES;
				CLANG_WARN_DEPRECATED_OBJC_IMPLEMENTATIONS = YES;
				CLANG_WARN_DIRECT_OBJC_ISA_USAGE = YES_ERROR;
				CLANG_WARN_DOCUMENTATION_COMMENTS = YES;
				CLANG_WARN_EMPTY_BODY = YES;
				CLANG_WARN_ENUM_CONVERSION = YES;
				CLANG_WARN_INFINITE_RECURSION = YES;
				CLANG_WARN_INT_CONVERSION = YES;
				CLANG_WARN_NON_LITERAL_NULL_CONVERSION = YES;
				CLANG_WARN_OBJC_IMPLICIT_RETAIN_SELF = YES;
				CLANG_WARN_OBJC_LITERAL_CONVERSION = YES;
				CLANG_WARN_OBJC_ROOT_CLASS = YES_ERROR;
				CLANG_WARN_QUOTED_INCLUDE_IN_FRAMEWORK_HEADER = YES;
				CLANG_WARN_RANGE_LOOP_ANALYSIS = YES;
				CLANG_WARN_STRICT_PROTOTYPES = YES;
				CLANG_WARN_SUSPICIOUS_MOVE = YES;
				CLANG_WARN_UNGUARDED_AVAILABILITY = YES_AGGRESSIVE;
				CLANG_WARN_UNREACHABLE_CODE = YES;
				CLANG_WARN__DUPLICATE_METHOD_MATCH = YES;
				COPY_PHASE_STRIP = NO;
				DEBUG_INFORMATION_FORMAT = dwarf;
				ENABLE_STRICT_OBJC_MSGSEND = YES;
				ENABLE_TESTABILITY = YES;
				ENABLE_USER_SCRIPT_SANDBOXING = YES;
				GCC_C_LANGUAGE_STANDARD = gnu17;
				GCC_DYNAMIC_NO_PIC = NO;
				GCC_NO_COMMON_BLOCKS = YES;
				GCC_OPTIMIZATION_LEVEL = 0;
				GCC_PREPROCESSOR_DEFINITIONS = (
					"DEBUG=1",
					"$(inherited)",
				);
				GCC_WARN_64_TO_32_BIT_CONVERSION = YES;
				GCC_WARN_ABOUT_RETURN_TYPE = YES_ERROR;
				GCC_WARN_UNDECLARED_SELECTOR = YES;
				GCC_WARN_UNINITIALIZED_AUTOS = YES_AGGRESSIVE;
				GCC_WARN_UNUSED_FUNCTION = YES;
				GCC_WARN_UNUSED_VARIABLE = YES;
				IPHONEOS_DEPLOYMENT_TARGET = 15.0;
				LOCALIZATION_PREFERS_STRING_CATALOGS = YES;
				MTL_ENABLE_DEBUG_INFO = INCLUDE_SOURCE;
				MTL_FAST_MATH = YES;
				ONLY_ACTIVE_ARCH = YES;
				SDKROOT = iphoneos;
				SWIFT_ACTIVE_COMPILATION_CONDITIONS = "DEBUG $(inherited)";
				SWIFT_OPTIMIZATION_LEVEL = "-Onone";
			};
			name = Debug;
		};
		C22D1EAB2FED4D98001B6443 /* Release */ = {
			isa = XCBuildConfiguration;
			buildSettings = {
				ALWAYS_SEARCH_USER_PATHS = NO;
				ASSETCATALOG_COMPILER_GENERATE_SWIFT_ASSET_SYMBOL_EXTENSIONS = YES;
				CLANG_ANALYZER_NONNULL = YES;
				CLANG_ANALYZER_NUMBER_OBJECT_CONVERSION = YES_AGGRESSIVE;
				CLANG_CXX_LANGUAGE_STANDARD = "gnu++20";
				CLANG_ENABLE_MODULES = YES;
				CLANG_ENABLE_OBJC_ARC = YES;
				CLANG_ENABLE_OBJC_WEAK = YES;
				CLANG_WARN_BLOCK_CAPTURE_AUTORELEASING = YES;
				CLANG_WARN_BOOL_CONVERSION = YES;
				CLANG_WARN_COMMA = YES;
				CLANG_WARN_CONSTANT_CONVERSION = YES;
				CLANG_WARN_DEPRECATED_OBJC_IMPLEMENTATIONS = YES;
				CLANG_WARN_DIRECT_OBJC_ISA_USAGE = YES_ERROR;
				CLANG_WARN_DOCUMENTATION_COMMENTS = YES;
				CLANG_WARN_EMPTY_BODY = YES;
				CLANG_WARN_ENUM_CONVERSION = YES;
				CLANG_WARN_INFINITE_RECURSION = YES;
				CLANG_WARN_INT_CONVERSION = YES;
				CLANG_WARN_NON_LITERAL_NULL_CONVERSION = YES;
				CLANG_WARN_OBJC_IMPLICIT_RETAIN_SELF = YES;
				CLANG_WARN_OBJC_LITERAL_CONVERSION = YES;
				CLANG_WARN_OBJC_ROOT_CLASS = YES_ERROR;
				CLANG_WARN_QUOTED_INCLUDE_IN_FRAMEWORK_HEADER = YES;
				CLANG_WARN_RANGE_LOOP_ANALYSIS = YES;
				CLANG_WARN_STRICT_PROTOTYPES = YES;
				CLANG_WARN_SUSPICIOUS_MOVE = YES;
				CLANG_WARN_UNGUARDED_AVAILABILITY = YES_AGGRESSIVE;
				CLANG_WARN_UNREACHABLE_CODE = YES;
				CLANG_WARN__DUPLICATE_METHOD_MATCH = YES;
				COPY_PHASE_STRIP = NO;
				DEBUG_INFORMATION_FORMAT = "dwarf-with-dsym";
				ENABLE_NS_ASSERTIONS = NO;
				ENABLE_STRICT_OBJC_MSGSEND = YES;
				ENABLE_USER_SCRIPT_SANDBOXING = YES;
				GCC_C_LANGUAGE_STANDARD = gnu17;
				GCC_NO_COMMON_BLOCKS = YES;
				GCC_WARN_64_TO_32_BIT_CONVERSION = YES;
				GCC_WARN_ABOUT_RETURN_TYPE = YES_ERROR;
				GCC_WARN_UNDECLARED_SELECTOR = YES;
				GCC_WARN_UNINITIALIZED_AUTOS = YES_AGGRESSIVE;
				GCC_WARN_UNUSED_FUNCTION = YES;
				GCC_WARN_UNUSED_VARIABLE = YES;
				IPHONEOS_DEPLOYMENT_TARGET = 15.0;
				LOCALIZATION_PREFERS_STRING_CATALOGS = YES;
				MTL_ENABLE_DEBUG_INFO = NO;
				MTL_FAST_MATH = YES;
				SDKROOT = iphoneos;
				SWIFT_COMPILATION_MODE = wholemodule;
				VALIDATE_PRODUCT = YES;
			};
			name = Release;
		};
		C22D1EAD2FED4D98001B6443 /* Debug */ = {
			isa = XCBuildConfiguration;
			baseConfigurationReference = 7AACA580329D5A73D8FD9408 /* Pods-moodlog.debug.xcconfig */;
			buildSettings = {
				ASSETCATALOG_COMPILER_APPICON_NAME = AppIcon;
				ASSETCATALOG_COMPILER_GLOBAL_ACCENT_COLOR_NAME = AccentColor;
				CODE_SIGN_STYLE = Automatic;
				CURRENT_PROJECT_VERSION = 1;
				DEVELOPMENT_ASSET_PATHS = "\"moodlog/Preview Content\"";
				DEVELOPMENT_TEAM = CV7ZT772HQ;
				ENABLE_PREVIEWS = YES;
				ENABLE_USER_SCRIPT_SANDBOXING = NO;
				GENERATE_INFOPLIST_FILE = YES;
				INFOPLIST_KEY_CFBundleDisplayName = "心迹";
				INFOPLIST_KEY_UIApplicationSceneManifest_Generation = YES;
				INFOPLIST_KEY_UIApplicationSupportsIndirectInputEvents = YES;
				INFOPLIST_KEY_UILaunchScreen_Generation = YES;
				INFOPLIST_KEY_UILaunchStoryboardName = "Launch Screen.storyboard";
				INFOPLIST_KEY_UISupportedInterfaceOrientations = UIInterfaceOrientationPortrait;
				INFOPLIST_KEY_UISupportedInterfaceOrientations_iPad = "UIInterfaceOrientationLandscapeLeft UIInterfaceOrientationLandscapeRight UIInterfaceOrientationPortrait UIInterfaceOrientationPortraitUpsideDown";
				IPHONEOS_DEPLOYMENT_TARGET = 15.0;
				LD_RUNPATH_SEARCH_PATHS = (
					"$(inherited)",
					"@executable_path/Frameworks",
				);
				MARKETING_VERSION = 1.0;
				PRODUCT_BUNDLE_IDENTIFIER = lt.moodlog;
				PRODUCT_NAME = "$(TARGET_NAME)";
				SWIFT_EMIT_LOC_STRINGS = YES;
				SWIFT_VERSION = 5.0;
				TARGETED_DEVICE_FAMILY = 1;
			};
			name = Debug;
		};
		C22D1EAE2FED4D98001B6443 /* Release */ = {
			isa = XCBuildConfiguration;
			baseConfigurationReference = 9281EDC77D1F253C2CFC0F4F /* Pods-moodlog.release.xcconfig */;
			buildSettings = {
				ASSETCATALOG_COMPILER_APPICON_NAME = AppIcon;
				ASSETCATALOG_COMPILER_GLOBAL_ACCENT_COLOR_NAME = AccentColor;
				CODE_SIGN_STYLE = Automatic;
				CURRENT_PROJECT_VERSION = 1;
				DEVELOPMENT_ASSET_PATHS = "\"moodlog/Preview Content\"";
				DEVELOPMENT_TEAM = CV7ZT772HQ;
				ENABLE_PREVIEWS = YES;
				ENABLE_USER_SCRIPT_SANDBOXING = NO;
				GENERATE_INFOPLIST_FILE = YES;
				INFOPLIST_KEY_CFBundleDisplayName = "心迹";
				INFOPLIST_KEY_UIApplicationSceneManifest_Generation = YES;
				INFOPLIST_KEY_UIApplicationSupportsIndirectInputEvents = YES;
				INFOPLIST_KEY_UILaunchScreen_Generation = YES;
				INFOPLIST_KEY_UILaunchStoryboardName = "Launch Screen.storyboard";
				INFOPLIST_KEY_UISupportedInterfaceOrientations = UIInterfaceOrientationPortrait;
				INFOPLIST_KEY_UISupportedInterfaceOrientations_iPad = "UIInterfaceOrientationLandscapeLeft UIInterfaceOrientationLandscapeRight UIInterfaceOrientationPortrait UIInterfaceOrientationPortraitUpsideDown";
				IPHONEOS_DEPLOYMENT_TARGET = 15.0;
				LD_RUNPATH_SEARCH_PATHS = (
					"$(inherited)",
					"@executable_path/Frameworks",
				);
				MARKETING_VERSION = 1.0;
				PRODUCT_BUNDLE_IDENTIFIER = lt.moodlog;
				PRODUCT_NAME = "$(TARGET_NAME)";
				SWIFT_EMIT_LOC_STRINGS = YES;
				SWIFT_VERSION = 5.0;
				TARGETED_DEVICE_FAMILY = 1;
			};
			name = Release;
		};
/* End XCBuildConfiguration section */

/* Begin XCConfigurationList section */
		C22D1E942FED4D95001B6443 /* Build configuration list for PBXProject "moodlog" */ = {
			isa = XCConfigurationList;
			buildConfigurations = (
				C22D1EAA2FED4D98001B6443 /* Debug */,
				C22D1EAB2FED4D98001B6443 /* Release */,
			);
			defaultConfigurationIsVisible = 0;
			defaultConfigurationName = Release;
		};
		C22D1EAC2FED4D98001B6443 /* Build configuration list for PBXNativeTarget "moodlog" */ = {
			isa = XCConfigurationList;
			buildConfigurations = (
				C22D1EAD2FED4D98001B6443 /* Debug */,
				C22D1EAE2FED4D98001B6443 /* Release */,
			);
			defaultConfigurationIsVisible = 0;
			defaultConfigurationName = Release;
		};
/* End XCConfigurationList section */

/* Begin XCVersionGroup section */
		C22D1EA72FED4D98001B6443 /* moodlog.xcdatamodeld */ = {
			isa = XCVersionGroup;
			children = (
				C22D1EA82FED4D98001B6443 /* moodlog.xcdatamodel */,
			);
			currentVersion = C22D1EA82FED4D98001B6443 /* moodlog.xcdatamodel */;
			path = moodlog.xcdatamodeld;
			sourceTree = "<group>";
			versionGroupType = wrapper.xcdatamodel;
		};
/* End XCVersionGroup section */
	};
	rootObject = C22D1E912FED4D95001B6443 /* Project object */;
}
